// !$*UTF8*$!
{
	archiveVersion = 1;
	classes = {
	};
	objectVersion = 46;
	objects = {

/* Begin PBXBuildFile section */
		3A58D3871D3021FE00673BEA /* AppDelegate.swift in Sources */ = {isa = PBXBuildFile; fileRef = 3A58D3861D3021FE00673BEA /* AppDelegate.swift */; };
		3A58D3891D3021FE00673BEA /* ViewController.swift in Sources */ = {isa = PBXBuildFile; fileRef = 3A58D3881D3021FE00673BEA /* ViewController.swift */; };
		3A58D38C1D3021FE00673BEA /* Main.storyboard in Resources */ = {isa = PBXBuildFile; fileRef = 3A58D38A1D3021FE00673BEA /* Main.storyboard */; };
		3A58D38E1D3021FE00673BEA /* Assets.xcassets in Resources */ = {isa = PBXBuildFile; fileRef = 3A58D38D1D3021FE00673BEA /* Assets.xcassets */; };
		3A58D3911D3021FE00673BEA /* LaunchScreen.storyboard in Resources */ = {isa = PBXBuildFile; fileRef = 3A58D38F1D3021FE00673BEA /* LaunchScreen.storyboard */; };
		3A58D3991D30222600673BEA /* GridView.swift in Sources */ = {isa = PBXBuildFile; fileRef = 3A58D3981D30222600673BEA /* GridView.swift */; };
		3AF293311D33F72A009AF8B7 /* Engine.swift in Sources */ = {isa = PBXBuildFile; fileRef = 3AF293301D33F72A009AF8B7 /* Engine.swift */; };
/* End PBXBuildFile section */

/* Begin PBXFileReference section */
		3A58D3831D3021FE00673BEA /* Assignment3.app */ = {isa = PBXFileReference; explicitFileType = wrapper.application; includeInIndex = 0; path = Assignment3.app; sourceTree = BUILT_PRODUCTS_DIR; };
		3A58D3861D3021FE00673BEA /* AppDelegate.swift */ = {isa = PBXFileReference; lastKnownFileType = sourcecode.swift; path = AppDelegate.swift; sourceTree = "<group>"; };
		3A58D3881D3021FE00673BEA /* ViewController.swift */ = {isa = PBXFileReference; lastKnownFileType = sourcecode.swift; path = ViewController.swift; sourceTree = "<group>"; };
		3A58D38B1D3021FE00673BEA /* Base */ = {isa = PBXFileReference; lastKnownFileType = file.storyboard; name = Base; path = Base.lproj/Main.storyboard; sourceTree = "<group>"; };
		3A58D38D1D3021FE00673BEA /* Assets.xcassets */ = {isa = PBXFileReference; lastKnownFileType = folder.assetcatalog; path = Assets.xcassets; sourceTree = "<group>"; };
		3A58D3901D3021FE00673BEA /* Base */ = {isa = PBXFileReference; lastKnownFileType = file.storyboard; name = Base; path = Base.lproj/LaunchScreen.storyboard; sourceTree = "<group>"; };
		3A58D3921D3021FE00673BEA /* Info.plist */ = {isa = PBXFileReference; lastKnownFileType = text.plist.xml; path = Info.plist; sourceTree = "<group>"; };
		3A58D3981D30222600673BEA /* GridView.swift */ = {isa = PBXFileReference; fileEncoding = 4; lastKnownFileType = sourcecode.swift; path = GridView.swift; sourceTree = "<group>"; };
		3AF293301D33F72A009AF8B7 /* Engine.swift */ = {isa = PBXFileReference; fileEncoding = 4; lastKnownFileType = sourcecode.swift; path = Engine.swift; sourceTree = "<group>"; };
/* End PBXFileReference section */

/* Begin PBXFrameworksBuildPhase section */
		3A58D3801D3021FE00673BEA /* Frameworks */ = {
			isa = PBXFrameworksBuildPhase;
			buildActionMask = 2147483647;
			files = (
			);
			runOnlyForDeploymentPostprocessing = 0;
		};
/* End PBXFrameworksBuildPhase section */

/* Begin PBXGroup section */
		3A58D37A1D3021FE00673BEA = {
			isa = PBXGroup;
			children = (
				3A58D3851D3021FE00673BEA /* Assignment3 */,
				3A58D3841D3021FE00673BEA /* Products */,
			);
			sourceTree = "<group>";
		};
		3A58D3841D3021FE00673BEA /* Products */ = {
			isa = PBXGroup;
			children = (
				3A58D3831D3021FE00673BEA /* Assignment3.app */,
			);
			name = Products;
			sourceTree = "<group>";
		};
		3A58D3851D3021FE00673BEA /* Assignment3 */ = {
			isa = PBXGroup;
			children = (
				3A58D3861D3021FE00673BEA /* AppDelegate.swift */,
				3A58D3881D3021FE00673BEA /* ViewController.swift */,
				3A58D38A1D3021FE00673BEA /* Main.storyboard */,
				3A58D3981D30222600673BEA /* GridView.swift */,
				3AF293301D33F72A009AF8B7 /* Engine.swift */,
				3A58D38D1D3021FE00673BEA /* Assets.xcassets */,
				3A58D38F1D3021FE00673BEA /* LaunchScreen.storyboard */,
				3A58D3921D3021FE00673BEA /* Info.plist */,
			);
			path = Assignment3;
			sourceTree = "<group>";
		};
/* End PBXGroup section */

/* Begin PBXNativeTarget section */
		3A58D3821D3021FE00673BEA /* Assignment3 */ = {
			isa = PBXNativeTarget;
			buildConfigurationList = 3A58D3951D3021FE00673BEA /* Build configuration list for PBXNativeTarget "Assignment3" */;
			buildPhases = (
				3A58D37F1D3021FE00673BEA /* Sources */,
				3A58D3801D3021FE00673BEA /* Frameworks */,
				3A58D3811D3021FE00673BEA /* Resources */,
			);
			buildRules = (
			);
			dependencies = (
			);
			name = Assignment3;
			productName = Assignment3;
			productReference = 3A58D3831D3021FE00673BEA /* Assignment3.app */;
			productType = "com.apple.product-type.application";
		};
/* End PBXNativeTarget section */

/* Begin PBXProject section */
		3A58D37B1D3021FE00673BEA /* Project object */ = {
			isa = PBXProject;
			attributes = {
				LastSwiftUpdateCheck = 0730;
				LastUpgradeCheck = 0730;
				ORGANIZATIONNAME = "Fadwa Khalil";
				TargetAttributes = {
					3A58D3821D3021FE00673BEA = {
						CreatedOnToolsVersion = 7.3.1;
					};
				};
			};
			buildConfigurationList = 3A58D37E1D3021FE00673BEA /* Build configuration list for PBXProject "Assignment3" */;
			compatibilityVersion = "Xcode 3.2";
			developmentRegion = English;
			hasScannedForEncodings = 0;
			knownRegions = (
				en,
				Base,
			);
			mainGroup = 3A58D37A1D3021FE00673BEA;
			productRefGroup = 3A58D3841D3021FE00673BEA /* Products */;
			projectDirPath = "";
			projectRoot = "";
			targets = (
				3A58D3821D3021FE00673BEA /* Assignment3 */,
			);
		};
/* End PBXProject section */

/* Begin PBXResourcesBuildPhase section */
		3A58D3811D3021FE00673BEA /* Resources */ = {
			isa = PBXResourcesBuildPhase;
			buildActionMask = 2147483647;
			files = (
				3A58D3911D3021FE00673BEA /* LaunchScreen.storyboard in Resources */,
				3A58D38E1D3021FE00673BEA /* Assets.xcassets in Resources */,
				3A58D38C1D3021FE00673BEA /* Main.storyboard in Resources */,
			);
			runOnlyForDeploymentPostprocessing = 0;
		};
/* End PBXResourcesBuildPhase section */

/* Begin PBXSourcesBuildPhase section */
		3A58D37F1D3021FE00673BEA /* Sources */ = {
			isa = PBXSourcesBuildPhase;
			buildActionMask = 2147483647;
			files = (
				3A58D3891D3021FE00673BEA /* ViewController.swift in Sources */,
				3AF293311D33F72A009AF8B7 /* Engine.swift in Sources */,
				3A58D3991D30222600673BEA /* GridView.swift in Sources */,
				3A58D3871D3021FE00673BEA /* AppDelegate.swift in Sources */,
			);
			runOnlyForDeploymentPostprocessing = 0;
		};
/* End PBXSourcesBuildPhase section */

/* Begin PBXVariantGroup section */
		3A58D38A1D3021FE00673BEA /* Main.storyboard */ = {
			isa = PBXVariantGroup;
			children = (
				3A58D38B1D3021FE00673BEA /* Base */,
			);
			name = Main.storyboard;
			sourceTree = "<group>";
		};
		3A58D38F1D3021FE00673BEA /* LaunchScreen.storyboard */ = {
			isa = PBXVariantGroup;
			children = (
				3A58D3901D3021FE00673BEA /* Base */,
			);
			name = LaunchScreen.storyboard;
			sourceTree = "<group>";
		};
/* End PBXVariantGroup section */

/* Begin XCBuildConfiguration section */
		3A58D3931D3021FE00673BEA /* Debug */ = {
			isa = XCBuildConfiguration;
			buildSettings = {
				ALWAYS_SEARCH_USER_PATHS = NO;
				CLANG_ANALYZER_NONNULL = YES;
				CLANG_CXX_LANGUAGE_STANDARD = "gnu++0x";
				CLANG_CXX_LIBRARY = "libc++";
				CLANG_ENABLE_MODULES = YES;
				CLANG_ENABLE_OBJC_ARC = YES;
				CLANG_WARN_BOOL_CONVERSION = YES;
				CLANG_WARN_CONSTANT_CONVERSION = YES;
				CLANG_WARN_DIRECT_OBJC_ISA_USAGE = YES_ERROR;
				CLANG_WARN_EMPTY_BODY = YES;
				CLANG_WARN_ENUM_CONVERSION = YES;
				CLANG_WARN_INT_CONVERSION = YES;
				CLANG_WARN_OBJC_ROOT_CLASS = YES_ERROR;
				CLANG_WARN_UNREACHABLE_CODE = YES;
				CLANG_WARN__DUPLICATE_METHOD_MATCH = YES;
				"CODE_SIGN_IDENTITY[sdk=iphoneos*]" = "iPhone Developer";
				COPY_PHASE_STRIP = NO;
				DEBUG_INFORMATION_FORMAT = dwarf;
				ENABLE_STRICT_OBJC_MSGSEND = YES;
				ENABLE_TESTABILITY = YES;
				GCC_C_LANGUAGE_STANDARD = gnu99;
				GCC_DYNAMIC_NO_PIC = NO;
				GCC_NO_COMMON_BLOCKS = YES;
				GCC_OPTIMIZATION_LEVEL = 0;
				GCC_PREPROCESSOR_DEFINITIONS = (
					"DEBUG=1",
					"$(inherited)",
				);
				GCC_WARN_64_TO_32_BIT_CONVERSION = YES;
				GCC_WARN_ABOUT_RETURN_TYPE = YES_ERROR;
				GCC_WARN_UNDECLARED_SELECTOR = YES;
				GCC_WARN_UNINITIALIZED_AUTOS = YES_AGGRESSIVE;
				GCC_WARN_UNUSED_FUNCTION = YES;
				GCC_WARN_UNUSED_VARIABLE = YES;
				IPHONEOS_DEPLOYMENT_TARGET = 9.3;
				MTL_ENABLE_DEBUG_INFO = YES;
				ONLY_ACTIVE_ARCH = YES;
				SDKROOT = iphoneos;
				SWIFT_OPTIMIZATION_LEVEL = "-Onone";
				TARGETED_DEVICE_FAMILY = "1,2";
			};
			name = Debug;
		};
		3A58D3941D3021FE00673BEA /* Release */ = {
			isa = XCBuildConfiguration;
			buildSettings = {
				ALWAYS_SEARCH_USER_PATHS = NO;
				CLANG_ANALYZER_NONNULL = YES;
				CLANG_CXX_LANGUAGE_STANDARD = "gnu++0x";
				CLANG_CXX_LIBRARY = "libc++";
				CLANG_ENABLE_MODULES = YES;
				CLANG_ENABLE_OBJC_ARC = YES;
				CLANG_WARN_BOOL_CONVERSION = YES;
				CLANG_WARN_CONSTANT_CONVERSION = YES;
				CLANG_WARN_DIRECT_OBJC_ISA_USAGE = YES_ERROR;
				CLANG_WARN_EMPTY_BODY = YES;
				CLANG_WARN_ENUM_CONVERSION = YES;
				CLANG_WARN_INT_CONVERSION = YES;
				CLANG_WARN_OBJC_ROOT_CLASS = YES_ERROR;
				CLANG_WARN_UNREACHABLE_CODE = YES;
				CLANG_WARN__DUPLICATE_METHOD_MATCH = YES;
				"CODE_SIGN_IDENTITY[sdk=iphoneos*]" = "iPhone Developer";
				COPY_PHASE_STRIP = NO;
				DEBUG_INFORMATION_FORMAT = "dwarf-with-dsym";
				ENABLE_NS_ASSERTIONS = NO;
				ENABLE_STRICT_OBJC_MSGSEND = YES;
				GCC_C_LANGUAGE_STANDARD = gnu99;
				GCC_NO_COMMON_BLOCKS = YES;
				GCC_WARN_64_TO_32_BIT_CONVERSION = YES;
				GCC_WARN_ABOUT_RETURN_TYPE = YES_ERROR;
				GCC_WARN_UNDECLARED_SELECTOR = YES;
				GCC_WARN_UNINITIALIZED_AUTOS = YES_AGGRESSIVE;
				GCC_WARN_UNUSED_FUNCTION = YES;
				GCC_WARN_UNUSED_VARIABLE = YES;
				IPHONEOS_DEPLOYMENT_TARGET = 9.3;
				MTL_ENABLE_DEBUG_INFO = NO;
				SDKROOT = iphoneos;
				TARGETED_DEVICE_FAMILY = "1,2";
				VALIDATE_PRODUCT = YES;
			};
			name = Release;
		};
		3A58D3961D3021FE00673BEA /* Debug */ = {
			isa = XCBuildConfiguration;
			buildSettings = {
				ASSETCATALOG_COMPILER_APPICON_NAME = AppIcon;
				INFOPLIST_FILE = Assignment3/Info.plist;
				LD_RUNPATH_SEARCH_PATHS = "$(inherited) @executable_path/Frameworks";
				PRODUCT_BUNDLE_IDENTIFIER = Harvard.Assignment3;
				PRODUCT_NAME = "$(TARGET_NAME)";
			};
			name = Debug;
		};
		3A58D3971D3021FE00673BEA /* Release */ = {
			isa = XCBuildConfiguration;
			buildSettings = {
				ASSETCATALOG_COMPILER_APPICON_NAME = AppIcon;
				INFOPLIST_FILE = Assignment3/Info.plist;
				LD_RUNPATH_SEARCH_PATHS = "$(inherited) @executable_path/Frameworks";
				PRODUCT_BUNDLE_IDENTIFIER = Harvard.Assignment3;
				PRODUCT_NAME = "$(TARGET_NAME)";
			};
			name = Release;
		};
/* End XCBuildConfiguration section */

/* Begin XCConfigurationList section */
		3A58D37E1D3021FE00673BEA /* Build configuration list for PBXProject "Assignment3" */ = {
			isa = XCConfigurationList;
			buildConfigurations = (
				3A58D3931D3021FE00673BEA /* Debug */,
				3A58D3941D3021FE00673BEA /* Release */,
			);
			defaultConfigurationIsVisible = 0;
			defaultConfigurationName = Release;
		};
		3A58D3951D3021FE00673BEA /* Build configuration list for PBXNativeTarget "Assignment3" */ = {
			isa = XCConfigurationList;
			buildConfigurations = (
				3A58D3961D3021FE00673BEA /* Debug */,
				3A58D3971D3021FE00673BEA /* Release */,
			);
			defaultConfigurationIsVisible = 0;
			defaultConfigurationName = Release;
		};
/* End XCConfigurationList section */
	};
	rootObject = 3A58D37B1D3021FE00673BEA /* Project object */;
}
