// !$*UTF8*$!
{
	archiveVersion = 1;
	classes = {
	};
	objectVersion = 46;
	objects = {

/* Begin PBXBuildFile section */
		3A720D1C1D451FE3001CF4F0 /* AppDelegate.swift in Sources */ = {isa = PBXBuildFile; fileRef = 3A720D1B1D451FE3001CF4F0 /* AppDelegate.swift */; };
		3A720D211D451FE3001CF4F0 /* Main.storyboard in Resources */ = {isa = PBXBuildFile; fileRef = 3A720D1F1D451FE3001CF4F0 /* Main.storyboard */; };
		3A720D231D451FE3001CF4F0 /* Assets.xcassets in Resources */ = {isa = PBXBuildFile; fileRef = 3A720D221D451FE3001CF4F0 /* Assets.xcassets */; };
		3A720D261D451FE3001CF4F0 /* LaunchScreen.storyboard in Resources */ = {isa = PBXBuildFile; fileRef = 3A720D241D451FE3001CF4F0 /* LaunchScreen.storyboard */; };
		3A720D2E1D4521F7001CF4F0 /* FirstTab.swift in Sources */ = {isa = PBXBuildFile; fileRef = 3A720D2D1D4521F7001CF4F0 /* FirstTab.swift */; };
		3A720D301D4522B0001CF4F0 /* SecondTab.swift in Sources */ = {isa = PBXBuildFile; fileRef = 3A720D2F1D4522B0001CF4F0 /* SecondTab.swift */; };
/* End PBXBuildFile section */

/* Begin PBXFileReference section */
		3A720D181D451FE3001CF4F0 /* testgrid.app */ = {isa = PBXFileReference; explicitFileType = wrapper.application; includeInIndex = 0; path = testgrid.app; sourceTree = BUILT_PRODUCTS_DIR; };
		3A720D1B1D451FE3001CF4F0 /* AppDelegate.swift */ = {isa = PBXFileReference; lastKnownFileType = sourcecode.swift; path = AppDelegate.swift; sourceTree = "<group>"; };
		3A720D201D451FE3001CF4F0 /* Base */ = {isa = PBXFileReference; lastKnownFileType = file.storyboard; name = Base; path = Base.lproj/Main.storyboard; sourceTree = "<group>"; };
		3A720D221D451FE3001CF4F0 /* Assets.xcassets */ = {isa = PBXFileReference; lastKnownFileType = folder.assetcatalog; path = Assets.xcassets; sourceTree = "<group>"; };
		3A720D251D451FE3001CF4F0 /* Base */ = {isa = PBXFileReference; lastKnownFileType = file.storyboard; name = Base; path = Base.lproj/LaunchScreen.storyboard; sourceTree = "<group>"; };
		3A720D271D451FE3001CF4F0 /* Info.plist */ = {isa = PBXFileReference; lastKnownFileType = text.plist.xml; path = Info.plist; sourceTree = "<group>"; };
		3A720D2D1D4521F7001CF4F0 /* FirstTab.swift */ = {isa = PBXFileReference; fileEncoding = 4; lastKnownFileType = sourcecode.swift; path = FirstTab.swift; sourceTree = "<group>"; };
		3A720D2F1D4522B0001CF4F0 /* SecondTab.swift */ = {isa = PBXFileReference; fileEncoding = 4; lastKnownFileType = sourcecode.swift; path = SecondTab.swift; sourceTree = "<group>"; };
/* End PBXFileReference section */

/* Begin PBXFrameworksBuildPhase section */
		3A720D151D451FE3001CF4F0 /* Frameworks */ = {
			isa = PBXFrameworksBuildPhase;
			buildActionMask = 2147483647;
			files = (
			);
			runOnlyForDeploymentPostprocessing = 0;
		};
/* End PBXFrameworksBuildPhase section */

/* Begin PBXGroup section */
		3A720D0F1D451FE3001CF4F0 = {
			isa = PBXGroup;
			children = (
				3A720D1A1D451FE3001CF4F0 /* testgrid */,
				3A720D191D451FE3001CF4F0 /* Products */,
			);
			sourceTree = "<group>";
		};
		3A720D191D451FE3001CF4F0 /* Products */ = {
			isa = PBXGroup;
			children = (
				3A720D181D451FE3001CF4F0 /* testgrid.app */,
			);
			name = Products;
			sourceTree = "<group>";
		};
		3A720D1A1D451FE3001CF4F0 /* testgrid */ = {
			isa = PBXGroup;
			children = (
				3A720D1B1D451FE3001CF4F0 /* AppDelegate.swift */,
				3A720D2D1D4521F7001CF4F0 /* FirstTab.swift */,
				3A720D1F1D451FE3001CF4F0 /* Main.storyboard */,
				3A720D2F1D4522B0001CF4F0 /* SecondTab.swift */,
				3A720D221D451FE3001CF4F0 /* Assets.xcassets */,
				3A720D241D451FE3001CF4F0 /* LaunchScreen.storyboard */,
				3A720D271D451FE3001CF4F0 /* Info.plist */,
			);
			path = testgrid;
			sourceTree = "<group>";
		};
/* End PBXGroup section */

/* Begin PBXNativeTarget section */
		3A720D171D451FE3001CF4F0 /* testgrid */ = {
			isa = PBXNativeTarget;
			buildConfigurationList = 3A720D2A1D451FE3001CF4F0 /* Build configuration list for PBXNativeTarget "testgrid" */;
			buildPhases = (
				3A720D141D451FE3001CF4F0 /* Sources */,
				3A720D151D451FE3001CF4F0 /* Frameworks */,
				3A720D161D451FE3001CF4F0 /* Resources */,
			);
			buildRules = (
			);
			dependencies = (
			);
			name = testgrid;
			productName = testgrid;
			productReference = 3A720D181D451FE3001CF4F0 /* testgrid.app */;
			productType = "com.apple.product-type.application";
		};
/* End PBXNativeTarget section */

/* Begin PBXProject section */
		3A720D101D451FE3001CF4F0 /* Project object */ = {
			isa = PBXProject;
			attributes = {
				LastSwiftUpdateCheck = 0730;
				LastUpgradeCheck = 0730;
				ORGANIZATIONNAME = "Fadwa Khalil";
				TargetAttributes = {
					3A720D171D451FE3001CF4F0 = {
						CreatedOnToolsVersion = 7.3.1;
					};
				};
			};
			buildConfigurationList = 3A720D131D451FE3001CF4F0 /* Build configuration list for PBXProject "testgrid" */;
			compatibilityVersion = "Xcode 3.2";
			developmentRegion = English;
			hasScannedForEncodings = 0;
			knownRegions = (
				en,
				Base,
			);
			mainGroup = 3A720D0F1D451FE3001CF4F0;
			productRefGroup = 3A720D191D451FE3001CF4F0 /* Products */;
			projectDirPath = "";
			projectRoot = "";
			targets = (
				3A720D171D451FE3001CF4F0 /* testgrid */,
			);
		};
/* End PBXProject section */

/* Begin PBXResourcesBuildPhase section */
		3A720D161D451FE3001CF4F0 /* Resources */ = {
			isa = PBXResourcesBuildPhase;
			buildActionMask = 2147483647;
			files = (
				3A720D261D451FE3001CF4F0 /* LaunchScreen.storyboard in Resources */,
				3A720D231D451FE3001CF4F0 /* Assets.xcassets in Resources */,
				3A720D211D451FE3001CF4F0 /* Main.storyboard in Resources */,
			);
			runOnlyForDeploymentPostprocessing = 0;
		};
/* End PBXResourcesBuildPhase section */

/* Begin PBXSourcesBuildPhase section */
		3A720D141D451FE3001CF4F0 /* Sources */ = {
			isa = PBXSourcesBuildPhase;
			buildActionMask = 2147483647;
			files = (
				3A720D2E1D4521F7001CF4F0 /* FirstTab.swift in Sources */,
				3A720D1C1D451FE3001CF4F0 /* AppDelegate.swift in Sources */,
				3A720D301D4522B0001CF4F0 /* SecondTab.swift in Sources */,
			);
			runOnlyForDeploymentPostprocessing = 0;
		};
/* End PBXSourcesBuildPhase section */

/* Begin PBXVariantGroup section */
		3A720D1F1D451FE3001CF4F0 /* Main.storyboard */ = {
			isa = PBXVariantGroup;
			children = (
				3A720D201D451FE3001CF4F0 /* Base */,
			);
			name = Main.storyboard;
			sourceTree = "<group>";
		};
		3A720D241D451FE3001CF4F0 /* LaunchScreen.storyboard */ = {
			isa = PBXVariantGroup;
			children = (
				3A720D251D451FE3001CF4F0 /* Base */,
			);
			name = LaunchScreen.storyboard;
			sourceTree = "<group>";
		};
/* End PBXVariantGroup section */

/* Begin XCBuildConfiguration section */
		3A720D281D451FE3001CF4F0 /* Debug */ = {
			isa = XCBuildConfiguration;
			buildSettings = {
				ALWAYS_SEARCH_USER_PATHS = NO;
				CLANG_ANALYZER_NONNULL = YES;
				CLANG_CXX_LANGUAGE_STANDARD = "gnu++0x";
				CLANG_CXX_LIBRARY = "libc++";
				CLANG_ENABLE_MODULES = YES;
				CLANG_ENABLE_OBJC_ARC = YES;
				CLANG_WARN_BOOL_CONVERSION = YES;
				CLANG_WARN_CONSTANT_CONVERSION = YES;
				CLANG_WARN_DIRECT_OBJC_ISA_USAGE = YES_ERROR;
				CLANG_WARN_EMPTY_BODY = YES;
				CLANG_WARN_ENUM_CONVERSION = YES;
				CLANG_WARN_INT_CONVERSION = YES;
				CLANG_WARN_OBJC_ROOT_CLASS = YES_ERROR;
				CLANG_WARN_UNREACHABLE_CODE = YES;
				CLANG_WARN__DUPLICATE_METHOD_MATCH = YES;
				"CODE_SIGN_IDENTITY[sdk=iphoneos*]" = "iPhone Developer";
				COPY_PHASE_STRIP = NO;
				DEBUG_INFORMATION_FORMAT = dwarf;
				ENABLE_STRICT_OBJC_MSGSEND = YES;
				ENABLE_TESTABILITY = YES;
				GCC_C_LANGUAGE_STANDARD = gnu99;
				GCC_DYNAMIC_NO_PIC = NO;
				GCC_NO_COMMON_BLOCKS = YES;
				GCC_OPTIMIZATION_LEVEL = 0;
				GCC_PREPROCESSOR_DEFINITIONS = (
					"DEBUG=1",
					"$(inherited)",
				);
				GCC_WARN_64_TO_32_BIT_CONVERSION = YES;
				GCC_WARN_ABOUT_RETURN_TYPE = YES_ERROR;
				GCC_WARN_UNDECLARED_SELECTOR = YES;
				GCC_WARN_UNINITIALIZED_AUTOS = YES_AGGRESSIVE;
				GCC_WARN_UNUSED_FUNCTION = YES;
				GCC_WARN_UNUSED_VARIABLE = YES;
				IPHONEOS_DEPLOYMENT_TARGET = 9.3;
				MTL_ENABLE_DEBUG_INFO = YES;
				ONLY_ACTIVE_ARCH = YES;
				SDKROOT = iphoneos;
				SWIFT_OPTIMIZATION_LEVEL = "-Onone";
				TARGETED_DEVICE_FAMILY = "1,2";
			};
			name = Debug;
		};
		3A720D291D451FE3001CF4F0 /* Release */ = {
			isa = XCBuildConfiguration;
			buildSettings = {
				ALWAYS_SEARCH_USER_PATHS = NO;
				CLANG_ANALYZER_NONNULL = YES;
				CLANG_CXX_LANGUAGE_STANDARD = "gnu++0x";
				CLANG_CXX_LIBRARY = "libc++";
				CLANG_ENABLE_MODULES = YES;
				CLANG_ENABLE_OBJC_ARC = YES;
				CLANG_WARN_BOOL_CONVERSION = YES;
				CLANG_WARN_CONSTANT_CONVERSION = YES;
				CLANG_WARN_DIRECT_OBJC_ISA_USAGE = YES_ERROR;
				CLANG_WARN_EMPTY_BODY = YES;
				CLANG_WARN_ENUM_CONVERSION = YES;
				CLANG_WARN_INT_CONVERSION = YES;
				CLANG_WARN_OBJC_ROOT_CLASS = YES_ERROR;
				CLANG_WARN_UNREACHABLE_CODE = YES;
				CLANG_WARN__DUPLICATE_METHOD_MATCH = YES;
				"CODE_SIGN_IDENTITY[sdk=iphoneos*]" = "iPhone Developer";
				COPY_PHASE_STRIP = NO;
				DEBUG_INFORMATION_FORMAT = "dwarf-with-dsym";
				ENABLE_NS_ASSERTIONS = NO;
				ENABLE_STRICT_OBJC_MSGSEND = YES;
				GCC_C_LANGUAGE_STANDARD = gnu99;
				GCC_NO_COMMON_BLOCKS = YES;
				GCC_WARN_64_TO_32_BIT_CONVERSION = YES;
				GCC_WARN_ABOUT_RETURN_TYPE = YES_ERROR;
				GCC_WARN_UNDECLARED_SELECTOR = YES;
				GCC_WARN_UNINITIALIZED_AUTOS = YES_AGGRESSIVE;
				GCC_WARN_UNUSED_FUNCTION = YES;
				GCC_WARN_UNUSED_VARIABLE = YES;
				IPHONEOS_DEPLOYMENT_TARGET = 9.3;
				MTL_ENABLE_DEBUG_INFO = NO;
				SDKROOT = iphoneos;
				TARGETED_DEVICE_FAMILY = "1,2";
				VALIDATE_PRODUCT = YES;
			};
			name = Release;
		};
		3A720D2B1D451FE3001CF4F0 /* Debug */ = {
			isa = XCBuildConfiguration;
			buildSettings = {
				ASSETCATALOG_COMPILER_APPICON_NAME = AppIcon;
				INFOPLIST_FILE = testgrid/Info.plist;
				LD_RUNPATH_SEARCH_PATHS = "$(inherited) @executable_path/Frameworks";
				PRODUCT_BUNDLE_IDENTIFIER = Harvard.testgrid;
				PRODUCT_NAME = "$(TARGET_NAME)";
			};
			name = Debug;
		};
		3A720D2C1D451FE3001CF4F0 /* Release */ = {
			isa = XCBuildConfiguration;
			buildSettings = {
				ASSETCATALOG_COMPILER_APPICON_NAME = AppIcon;
				INFOPLIST_FILE = testgrid/Info.plist;
				LD_RUNPATH_SEARCH_PATHS = "$(inherited) @executable_path/Frameworks";
				PRODUCT_BUNDLE_IDENTIFIER = Harvard.testgrid;
				PRODUCT_NAME = "$(TARGET_NAME)";
			};
			name = Release;
		};
/* End XCBuildConfiguration section */

/* Begin XCConfigurationList section */
		3A720D131D451FE3001CF4F0 /* Build configuration list for PBXProject "testgrid" */ = {
			isa = XCConfigurationList;
			buildConfigurations = (
				3A720D281D451FE3001CF4F0 /* Debug */,
				3A720D291D451FE3001CF4F0 /* Release */,
			);
			defaultConfigurationIsVisible = 0;
			defaultConfigurationName = Release;
		};
		3A720D2A1D451FE3001CF4F0 /* Build configuration list for PBXNativeTarget "testgrid" */ = {
			isa = XCConfigurationList;
			buildConfigurations = (
				3A720D2B1D451FE3001CF4F0 /* Debug */,
				3A720D2C1D451FE3001CF4F0 /* Release */,
			);
			defaultConfigurationIsVisible = 0;
		};
/* End XCConfigurationList section */
	};
	rootObject = 3A720D101D451FE3001CF4F0 /* Project object */;
}
